{
    "_meta": {
        "hash": {
            "sha256": "a40f209e043bc2f9d9e10f13814895aec328f28901bf08d471cf71ee1cba72ba"
        },
        "pipfile-spec": 6,
        "requires": {
            "python_version": "3.8"
        },
        "sources": [
            {
                "name": "pypi",
                "url": "https://pypi.org/simple",
                "verify_ssl": true
            }
        ]
    },
    "default": {
        "parameterized": {
            "hashes": [
                "sha256:6a94dbea30c6abde99fd4c2f2042c1bf7f980e48908bf92ead62394f93cf57ed",
                "sha256:ea0326ba5bbbe7c427329a27b75003410df07d1173ca254976f8f5a64922c322"
            ],
            "index": "pypi",
            "version": "==0.7.1"
        }
    },
    "develop": {}
}
