
Microsoft Visual Studio Solution File, Format Version 12.00
Project("{FAE04EC0-301F-11D3-BF4B-00C04F79EFBC}") = "WordFunnel", "WordFunnel\WordFunnel.csproj", "{3C5D1E20-09BF-4375-81FA-32EE11C2E24B}"
EndProject
Global
	GlobalSection(SolutionConfigurationPlatforms) = preSolution
		Debug|Any CPU = Debug|Any CPU
		Release|Any CPU = Release|Any CPU
	EndGlobalSection
	GlobalSection(ProjectConfigurationPlatforms) = postSolution
		{3C5D1E20-09BF-4375-81FA-32EE11C2E24B}.Debug|Any CPU.ActiveCfg = Debug|Any CPU
		{3C5D1E20-09BF-4375-81FA-32EE11C2E24B}.Debug|Any CPU.Build.0 = Debug|Any CPU
		{3C5D1E20-09BF-4375-81FA-32EE11C2E24B}.Release|Any CPU.ActiveCfg = Release|Any CPU
		{3C5D1E20-09BF-4375-81FA-32EE11C2E24B}.Release|Any CPU.Build.0 = Release|Any CPU
	EndGlobalSection
EndGlobal
