
Microsoft Visual Studio Solution File, Format Version 12.00
# Visual Studio 15
VisualStudioVersion = 15.0.26430.15
MinimumVisualStudioVersion = 10.0.40219.1
Project("{FAE04EC0-301F-11D3-BF4B-00C04F79EFBC}") = "BabbageProblem", "BabbageProblem\BabbageProblem.csproj", "{C2853B40-A9B2-4D94-AA84-68B8EAF76497}"
EndProject
Global
	GlobalSection(SolutionConfigurationPlatforms) = preSolution
		Debug|Any CPU = Debug|Any CPU
		Release|Any CPU = Release|Any CPU
	EndGlobalSection
	GlobalSection(ProjectConfigurationPlatforms) = postSolution
		{C2853B40-A9B2-4D94-AA84-68B8EAF76497}.Debug|Any CPU.ActiveCfg = Debug|Any CPU
		{C2853B40-A9B2-4D94-AA84-68B8EAF76497}.Debug|Any CPU.Build.0 = Debug|Any CPU
		{C2853B40-A9B2-4D94-AA84-68B8EAF76497}.Release|Any CPU.ActiveCfg = Release|Any CPU
		{C2853B40-A9B2-4D94-AA84-68B8EAF76497}.Release|Any CPU.Build.0 = Release|Any CPU
	EndGlobalSection
	GlobalSection(SolutionProperties) = preSolution
		HideSolutionNode = FALSE
	EndGlobalSection
EndGlobal
