
Microsoft Visual Studio Solution File, Format Version 12.00
Project("{FAE04EC0-301F-11D3-BF4B-00C04F79EFBC}") = "SalesCommissions", "SalesCommissions\SalesCommissions.csproj", "{7A4DE42D-9D6E-4FB6-8E9E-77FB456E768F}"
EndProject
Global
	GlobalSection(SolutionConfigurationPlatforms) = preSolution
		Debug|Any CPU = Debug|Any CPU
		Release|Any CPU = Release|Any CPU
	EndGlobalSection
	GlobalSection(ProjectConfigurationPlatforms) = postSolution
		{7A4DE42D-9D6E-4FB6-8E9E-77FB456E768F}.Debug|Any CPU.ActiveCfg = Debug|Any CPU
		{7A4DE42D-9D6E-4FB6-8E9E-77FB456E768F}.Debug|Any CPU.Build.0 = Debug|Any CPU
		{7A4DE42D-9D6E-4FB6-8E9E-77FB456E768F}.Release|Any CPU.ActiveCfg = Release|Any CPU
		{7A4DE42D-9D6E-4FB6-8E9E-77FB456E768F}.Release|Any CPU.Build.0 = Release|Any CPU
	EndGlobalSection
EndGlobal
