
Microsoft Visual Studio Solution File, Format Version 12.00
Project("{FAE04EC0-301F-11D3-BF4B-00C04F79EFBC}") = "CodeWars.Kata", "CodeWars.Kata\CodeWars.Kata.csproj", "{37C908B0-60AF-44F5-B46C-B5057C3BED36}"
EndProject
Project("{FAE04EC0-301F-11D3-BF4B-00C04F79EFBC}") = "CodeWars.Test", "CodeWars.Test\CodeWars.Test.csproj", "{AC88B565-D39B-4867-991D-B3834AAB04D9}"
EndProject
Global
	GlobalSection(SolutionConfigurationPlatforms) = preSolution
		Debug|Any CPU = Debug|Any CPU
		Release|Any CPU = Release|Any CPU
	EndGlobalSection
	GlobalSection(ProjectConfigurationPlatforms) = postSolution
		{37C908B0-60AF-44F5-B46C-B5057C3BED36}.Debug|Any CPU.ActiveCfg = Debug|Any CPU
		{37C908B0-60AF-44F5-B46C-B5057C3BED36}.Debug|Any CPU.Build.0 = Debug|Any CPU
		{37C908B0-60AF-44F5-B46C-B5057C3BED36}.Release|Any CPU.ActiveCfg = Release|Any CPU
		{37C908B0-60AF-44F5-B46C-B5057C3BED36}.Release|Any CPU.Build.0 = Release|Any CPU
		{AC88B565-D39B-4867-991D-B3834AAB04D9}.Debug|Any CPU.ActiveCfg = Debug|Any CPU
		{AC88B565-D39B-4867-991D-B3834AAB04D9}.Debug|Any CPU.Build.0 = Debug|Any CPU
		{AC88B565-D39B-4867-991D-B3834AAB04D9}.Release|Any CPU.ActiveCfg = Release|Any CPU
		{AC88B565-D39B-4867-991D-B3834AAB04D9}.Release|Any CPU.Build.0 = Release|Any CPU
	EndGlobalSection
EndGlobal
