
Microsoft Visual Studio Solution File, Format Version 12.00
Project("{FAE04EC0-301F-11D3-BF4B-00C04F79EFBC}") = "SimpleSymbols", "SimpleSymbols\SimpleSymbols.csproj", "{186D2E67-348B-407B-964E-74F3A3DDE74A}"
EndProject
Global
	GlobalSection(SolutionConfigurationPlatforms) = preSolution
		Debug|Any CPU = Debug|Any CPU
		Release|Any CPU = Release|Any CPU
	EndGlobalSection
	GlobalSection(ProjectConfigurationPlatforms) = postSolution
		{186D2E67-348B-407B-964E-74F3A3DDE74A}.Debug|Any CPU.ActiveCfg = Debug|Any CPU
		{186D2E67-348B-407B-964E-74F3A3DDE74A}.Debug|Any CPU.Build.0 = Debug|Any CPU
		{186D2E67-348B-407B-964E-74F3A3DDE74A}.Release|Any CPU.ActiveCfg = Release|Any CPU
		{186D2E67-348B-407B-964E-74F3A3DDE74A}.Release|Any CPU.Build.0 = Release|Any CPU
	EndGlobalSection
EndGlobal
